
Microsoft Visual Studio Solution File, Format Version 12.00
# Visual Studio Version 17
VisualStudioVersion = 17.7.34018.315
MinimumVisualStudioVersion = 10.0.40219.1
Project("{9A19103F-16F7-4668-BE54-9A1E7A4F7556}") = "ITI_MVC", "ITI_MVC.csproj", "{D6021084-FC49-4D58-AED2-FAAA6CA05946}"
EndProject
Global
	GlobalSection(SolutionConfigurationPlatforms) = preSolution
		Debug|Any CPU = Debug|Any CPU
		Release|Any CPU = Release|Any CPU
	EndGlobalSection
	GlobalSection(ProjectConfigurationPlatforms) = postSolution
		{D6021084-FC49-4D58-AED2-FAAA6CA05946}.Debug|Any CPU.ActiveCfg = Debug|Any CPU
		{D6021084-FC49-4D58-AED2-FAAA6CA05946}.Debug|Any CPU.Build.0 = Debug|Any CPU
		{D6021084-FC49-4D58-AED2-FAAA6CA05946}.Release|Any CPU.ActiveCfg = Release|Any CPU
		{D6021084-FC49-4D58-AED2-FAAA6CA05946}.Release|Any CPU.Build.0 = Release|Any CPU
	EndGlobalSection
	GlobalSection(SolutionProperties) = preSolution
		HideSolutionNode = FALSE
	EndGlobalSection
	GlobalSection(ExtensibilityGlobals) = postSolution
		SolutionGuid = {B4AAC7B9-D607-4A45-9007-C8DC6BEAD52B}
	EndGlobalSection
EndGlobal
